
Microsoft Visual Studio Solution File, Format Version 12.00
# Visual Studio Version 17
VisualStudioVersion = 17.14.36518.9 d17.14
MinimumVisualStudioVersion = 10.0.40219.1
Project("{FAE04EC0-301F-11D3-BF4B-00C04F79EFBC}") = "FirstDesktopApp", "FirstDesktopApp.csproj", "{FBC64762-BF25-44D8-A093-4015AB615123}"
EndProject
Global
	GlobalSection(SolutionConfigurationPlatforms) = preSolution
		Debug|Any CPU = Debug|Any CPU
		Release|Any CPU = Release|Any CPU
	EndGlobalSection
	GlobalSection(ProjectConfigurationPlatforms) = postSolution
		{FBC64762-BF25-44D8-A093-4015AB615123}.Debug|Any CPU.ActiveCfg = Debug|Any CPU
		{FBC64762-BF25-44D8-A093-4015AB615123}.Debug|Any CPU.Build.0 = Debug|Any CPU
		{FBC64762-BF25-44D8-A093-4015AB615123}.Release|Any CPU.ActiveCfg = Release|Any CPU
		{FBC64762-BF25-44D8-A093-4015AB615123}.Release|Any CPU.Build.0 = Release|Any CPU
	EndGlobalSection
	GlobalSection(SolutionProperties) = preSolution
		HideSolutionNode = FALSE
	EndGlobalSection
	GlobalSection(ExtensibilityGlobals) = postSolution
		SolutionGuid = {268C8E52-06B8-401E-8FCC-BB36C8A4E15B}
	EndGlobalSection
EndGlobal
